
Microsoft Visual Studio Solution File, Format Version 12.00
# Visual Studio 14
VisualStudioVersion = 14.0.25123.0
MinimumVisualStudioVersion = 10.0.40219.1
Project("{FAE04EC0-301F-11D3-BF4B-00C04F79EFBC}") = "WindowsFormsApplication1", "WindowsFormsApplication1\WindowsFormsApplication1.csproj", "{E93C79D5-9A07-425E-B1E5-FEF5FBC0B3EA}"
EndProject
Project("{FAE04EC0-301F-11D3-BF4B-00C04F79EFBC}") = "PervasiveDAL", "PervasiveDAL\PervasiveDAL.csproj", "{3EE11D69-B6FE-4A9C-8F01-D91C4E73B31A}"
EndProject
Project("{FAE04EC0-301F-11D3-BF4B-00C04F79EFBC}") = "PervasiveDALTests", "PervasiveDALTests\PervasiveDALTests.csproj", "{DE311E95-9AD5-4065-B357-0CD6691B9E74}"
EndProject
Global
	GlobalSection(SolutionConfigurationPlatforms) = preSolution
		Debug|Any CPU = Debug|Any CPU
		Release|Any CPU = Release|Any CPU
	EndGlobalSection
	GlobalSection(ProjectConfigurationPlatforms) = postSolution
		{E93C79D5-9A07-425E-B1E5-FEF5FBC0B3EA}.Debug|Any CPU.ActiveCfg = Debug|Any CPU
		{E93C79D5-9A07-425E-B1E5-FEF5FBC0B3EA}.Debug|Any CPU.Build.0 = Debug|Any CPU
		{E93C79D5-9A07-425E-B1E5-FEF5FBC0B3EA}.Release|Any CPU.ActiveCfg = Release|Any CPU
		{E93C79D5-9A07-425E-B1E5-FEF5FBC0B3EA}.Release|Any CPU.Build.0 = Release|Any CPU
		{3EE11D69-B6FE-4A9C-8F01-D91C4E73B31A}.Debug|Any CPU.ActiveCfg = Debug|Any CPU
		{3EE11D69-B6FE-4A9C-8F01-D91C4E73B31A}.Debug|Any CPU.Build.0 = Debug|Any CPU
		{3EE11D69-B6FE-4A9C-8F01-D91C4E73B31A}.Release|Any CPU.ActiveCfg = Release|Any CPU
		{3EE11D69-B6FE-4A9C-8F01-D91C4E73B31A}.Release|Any CPU.Build.0 = Release|Any CPU
		{DE311E95-9AD5-4065-B357-0CD6691B9E74}.Debug|Any CPU.ActiveCfg = Debug|Any CPU
		{DE311E95-9AD5-4065-B357-0CD6691B9E74}.Debug|Any CPU.Build.0 = Debug|Any CPU
		{DE311E95-9AD5-4065-B357-0CD6691B9E74}.Release|Any CPU.ActiveCfg = Release|Any CPU
		{DE311E95-9AD5-4065-B357-0CD6691B9E74}.Release|Any CPU.Build.0 = Release|Any CPU
	EndGlobalSection
	GlobalSection(SolutionProperties) = preSolution
		HideSolutionNode = FALSE
	EndGlobalSection
EndGlobal
